
Microsoft Visual Studio Solution File, Format Version 12.00
# Visual Studio Version 16
VisualStudioVersion = 16.0.29123.88
MinimumVisualStudioVersion = 10.0.40219.1
Project("{FAE04EC0-301F-11D3-BF4B-00C04F79EFBC}") = "Better Calculator", "Better Calculator\Better Calculator.csproj", "{B82315AC-2FC1-45D7-9215-90BE96EFAE4C}"
EndProject
Global
	GlobalSection(SolutionConfigurationPlatforms) = preSolution
		Debug|Any CPU = Debug|Any CPU
		Release|Any CPU = Release|Any CPU
	EndGlobalSection
	GlobalSection(ProjectConfigurationPlatforms) = postSolution
		{B82315AC-2FC1-45D7-9215-90BE96EFAE4C}.Debug|Any CPU.ActiveCfg = Debug|Any CPU
		{B82315AC-2FC1-45D7-9215-90BE96EFAE4C}.Debug|Any CPU.Build.0 = Debug|Any CPU
		{B82315AC-2FC1-45D7-9215-90BE96EFAE4C}.Release|Any CPU.ActiveCfg = Release|Any CPU
		{B82315AC-2FC1-45D7-9215-90BE96EFAE4C}.Release|Any CPU.Build.0 = Release|Any CPU
	EndGlobalSection
	GlobalSection(SolutionProperties) = preSolution
		HideSolutionNode = FALSE
	EndGlobalSection
	GlobalSection(ExtensibilityGlobals) = postSolution
		SolutionGuid = {C862DB30-1B9B-456F-BCB9-0504C75DF6FE}
	EndGlobalSection
EndGlobal
